
Microsoft Visual Studio Solution File, Format Version 12.00
# Visual Studio Version 17
VisualStudioVersion = 17.12.35527.113 d17.12
MinimumVisualStudioVersion = 10.0.40219.1
Project("{A07B5EB6-E848-4116-A8D0-A826331D98C6}") = "TravelPlanner", "TravelPlanner\TravelPlanner.sfproj", "{0AC2A57A-C27D-45B9-BDAC-8BDDDD765BFE}"
EndProject
Project("{FAE04EC0-301F-11D3-BF4B-00C04F79EFBC}") = "BackendSF", "BackendSF\BackendSF.csproj", "{9CB97D1C-919A-46F7-AFF5-A8CD0A7D5C7D}"
EndProject
Project("{FAE04EC0-301F-11D3-BF4B-00C04F79EFBC}") = "AuthService", "AuthService\AuthService.csproj", "{C7956A4A-F360-496F-B380-37607FC25FD2}"
EndProject
Project("{FAE04EC0-301F-11D3-BF4B-00C04F79EFBC}") = "TravelPlanner.Shared", "TravelPlanner.Shared\TravelPlanner.Shared.csproj", "{6B857D26-06D1-4489-953D-593A2FB32914}"
EndProject
Project("{FAE04EC0-301F-11D3-BF4B-00C04F79EFBC}") = "TripService", "TripService\TripService.csproj", "{85D48271-137E-4B5A-84DD-907D9D62CCDB}"
EndProject
Project("{FAE04EC0-301F-11D3-BF4B-00C04F79EFBC}") = "DestinationService", "DestinationService\DestinationService.csproj", "{9F8F0371-8146-4AF7-884A-45B1D690E05D}"
EndProject
Project("{FAE04EC0-301F-11D3-BF4B-00C04F79EFBC}") = "ActivityService", "ActivityService\ActivityService.csproj", "{5114588D-7291-4E6D-9B69-80D6AF6F87C2}"
EndProject
Project("{FAE04EC0-301F-11D3-BF4B-00C04F79EFBC}") = "ExpenseService", "ExpenseService\ExpenseService.csproj", "{F6D0821C-8D07-4CB4-8445-F781A6F228C6}"
EndProject
Project("{FAE04EC0-301F-11D3-BF4B-00C04F79EFBC}") = "ShareService", "ShareService\ShareService.csproj", "{2DE319D5-9B1E-46FF-9306-6EBB1C6D565F}"
EndProject
Global
	GlobalSection(SolutionConfigurationPlatforms) = preSolution
		Debug|Any CPU = Debug|Any CPU
		Debug|x64 = Debug|x64
		Release|Any CPU = Release|Any CPU
		Release|x64 = Release|x64
	EndGlobalSection
	GlobalSection(ProjectConfigurationPlatforms) = postSolution
		{0AC2A57A-C27D-45B9-BDAC-8BDDDD765BFE}.Debug|Any CPU.ActiveCfg = Debug|x64
		{0AC2A57A-C27D-45B9-BDAC-8BDDDD765BFE}.Debug|Any CPU.Build.0 = Debug|x64
		{0AC2A57A-C27D-45B9-BDAC-8BDDDD765BFE}.Debug|Any CPU.Deploy.0 = Debug|x64
		{0AC2A57A-C27D-45B9-BDAC-8BDDDD765BFE}.Debug|x64.ActiveCfg = Debug|x64
		{0AC2A57A-C27D-45B9-BDAC-8BDDDD765BFE}.Debug|x64.Build.0 = Debug|x64
		{0AC2A57A-C27D-45B9-BDAC-8BDDDD765BFE}.Debug|x64.Deploy.0 = Debug|x64
		{0AC2A57A-C27D-45B9-BDAC-8BDDDD765BFE}.Release|Any CPU.ActiveCfg = Release|x64
		{0AC2A57A-C27D-45B9-BDAC-8BDDDD765BFE}.Release|Any CPU.Build.0 = Release|x64
		{0AC2A57A-C27D-45B9-BDAC-8BDDDD765BFE}.Release|Any CPU.Deploy.0 = Release|x64
		{0AC2A57A-C27D-45B9-BDAC-8BDDDD765BFE}.Release|x64.ActiveCfg = Release|x64
		{0AC2A57A-C27D-45B9-BDAC-8BDDDD765BFE}.Release|x64.Build.0 = Release|x64
		{0AC2A57A-C27D-45B9-BDAC-8BDDDD765BFE}.Release|x64.Deploy.0 = Release|x64
		{9CB97D1C-919A-46F7-AFF5-A8CD0A7D5C7D}.Debug|Any CPU.ActiveCfg = Debug|Any CPU
		{9CB97D1C-919A-46F7-AFF5-A8CD0A7D5C7D}.Debug|Any CPU.Build.0 = Debug|Any CPU
		{9CB97D1C-919A-46F7-AFF5-A8CD0A7D5C7D}.Debug|x64.ActiveCfg = Debug|Any CPU
		{9CB97D1C-919A-46F7-AFF5-A8CD0A7D5C7D}.Debug|x64.Build.0 = Debug|Any CPU
		{9CB97D1C-919A-46F7-AFF5-A8CD0A7D5C7D}.Release|Any CPU.ActiveCfg = Release|Any CPU
		{9CB97D1C-919A-46F7-AFF5-A8CD0A7D5C7D}.Release|Any CPU.Build.0 = Release|Any CPU
		{9CB97D1C-919A-46F7-AFF5-A8CD0A7D5C7D}.Release|x64.ActiveCfg = Release|Any CPU
		{9CB97D1C-919A-46F7-AFF5-A8CD0A7D5C7D}.Release|x64.Build.0 = Release|Any CPU
		{C7956A4A-F360-496F-B380-37607FC25FD2}.Debug|Any CPU.ActiveCfg = Debug|Any CPU
		{C7956A4A-F360-496F-B380-37607FC25FD2}.Debug|Any CPU.Build.0 = Debug|Any CPU
		{C7956A4A-F360-496F-B380-37607FC25FD2}.Debug|x64.ActiveCfg = Debug|Any CPU
		{C7956A4A-F360-496F-B380-37607FC25FD2}.Debug|x64.Build.0 = Debug|Any CPU
		{C7956A4A-F360-496F-B380-37607FC25FD2}.Release|Any CPU.ActiveCfg = Release|Any CPU
		{C7956A4A-F360-496F-B380-37607FC25FD2}.Release|Any CPU.Build.0 = Release|Any CPU
		{C7956A4A-F360-496F-B380-37607FC25FD2}.Release|x64.ActiveCfg = Release|Any CPU
		{C7956A4A-F360-496F-B380-37607FC25FD2}.Release|x64.Build.0 = Release|Any CPU
		{6B857D26-06D1-4489-953D-593A2FB32914}.Debug|Any CPU.ActiveCfg = Debug|Any CPU
		{6B857D26-06D1-4489-953D-593A2FB32914}.Debug|Any CPU.Build.0 = Debug|Any CPU
		{6B857D26-06D1-4489-953D-593A2FB32914}.Debug|x64.ActiveCfg = Debug|Any CPU
		{6B857D26-06D1-4489-953D-593A2FB32914}.Debug|x64.Build.0 = Debug|Any CPU
		{6B857D26-06D1-4489-953D-593A2FB32914}.Release|Any CPU.ActiveCfg = Release|Any CPU
		{6B857D26-06D1-4489-953D-593A2FB32914}.Release|Any CPU.Build.0 = Release|Any CPU
		{6B857D26-06D1-4489-953D-593A2FB32914}.Release|x64.ActiveCfg = Release|Any CPU
		{6B857D26-06D1-4489-953D-593A2FB32914}.Release|x64.Build.0 = Release|Any CPU
		{85D48271-137E-4B5A-84DD-907D9D62CCDB}.Debug|Any CPU.ActiveCfg = Debug|Any CPU
		{85D48271-137E-4B5A-84DD-907D9D62CCDB}.Debug|Any CPU.Build.0 = Debug|Any CPU
		{85D48271-137E-4B5A-84DD-907D9D62CCDB}.Debug|x64.ActiveCfg = Debug|Any CPU
		{85D48271-137E-4B5A-84DD-907D9D62CCDB}.Debug|x64.Build.0 = Debug|Any CPU
		{85D48271-137E-4B5A-84DD-907D9D62CCDB}.Release|Any CPU.ActiveCfg = Release|Any CPU
		{85D48271-137E-4B5A-84DD-907D9D62CCDB}.Release|Any CPU.Build.0 = Release|Any CPU
		{85D48271-137E-4B5A-84DD-907D9D62CCDB}.Release|x64.ActiveCfg = Release|Any CPU
		{85D48271-137E-4B5A-84DD-907D9D62CCDB}.Release|x64.Build.0 = Release|Any CPU
		{9F8F0371-8146-4AF7-884A-45B1D690E05D}.Debug|Any CPU.ActiveCfg = Debug|Any CPU
		{9F8F0371-8146-4AF7-884A-45B1D690E05D}.Debug|Any CPU.Build.0 = Debug|Any CPU
		{9F8F0371-8146-4AF7-884A-45B1D690E05D}.Debug|x64.ActiveCfg = Debug|Any CPU
		{9F8F0371-8146-4AF7-884A-45B1D690E05D}.Debug|x64.Build.0 = Debug|Any CPU
		{9F8F0371-8146-4AF7-884A-45B1D690E05D}.Release|Any CPU.ActiveCfg = Release|Any CPU
		{9F8F0371-8146-4AF7-884A-45B1D690E05D}.Release|Any CPU.Build.0 = Release|Any CPU
		{9F8F0371-8146-4AF7-884A-45B1D690E05D}.Release|x64.ActiveCfg = Release|Any CPU
		{9F8F0371-8146-4AF7-884A-45B1D690E05D}.Release|x64.Build.0 = Release|Any CPU
		{5114588D-7291-4E6D-9B69-80D6AF6F87C2}.Debug|Any CPU.ActiveCfg = Debug|Any CPU
		{5114588D-7291-4E6D-9B69-80D6AF6F87C2}.Debug|Any CPU.Build.0 = Debug|Any CPU
		{5114588D-7291-4E6D-9B69-80D6AF6F87C2}.Debug|x64.ActiveCfg = Debug|Any CPU
		{5114588D-7291-4E6D-9B69-80D6AF6F87C2}.Debug|x64.Build.0 = Debug|Any CPU
		{5114588D-7291-4E6D-9B69-80D6AF6F87C2}.Release|Any CPU.ActiveCfg = Release|Any CPU
		{5114588D-7291-4E6D-9B69-80D6AF6F87C2}.Release|Any CPU.Build.0 = Release|Any CPU
		{5114588D-7291-4E6D-9B69-80D6AF6F87C2}.Release|x64.ActiveCfg = Release|Any CPU
		{5114588D-7291-4E6D-9B69-80D6AF6F87C2}.Release|x64.Build.0 = Release|Any CPU
		{F6D0821C-8D07-4CB4-8445-F781A6F228C6}.Debug|Any CPU.ActiveCfg = Debug|Any CPU
		{F6D0821C-8D07-4CB4-8445-F781A6F228C6}.Debug|Any CPU.Build.0 = Debug|Any CPU
		{F6D0821C-8D07-4CB4-8445-F781A6F228C6}.Debug|x64.ActiveCfg = Debug|Any CPU
		{F6D0821C-8D07-4CB4-8445-F781A6F228C6}.Debug|x64.Build.0 = Debug|Any CPU
		{F6D0821C-8D07-4CB4-8445-F781A6F228C6}.Release|Any CPU.ActiveCfg = Release|Any CPU
		{F6D0821C-8D07-4CB4-8445-F781A6F228C6}.Release|Any CPU.Build.0 = Release|Any CPU
		{F6D0821C-8D07-4CB4-8445-F781A6F228C6}.Release|x64.ActiveCfg = Release|Any CPU
		{F6D0821C-8D07-4CB4-8445-F781A6F228C6}.Release|x64.Build.0 = Release|Any CPU
		{2DE319D5-9B1E-46FF-9306-6EBB1C6D565F}.Debug|Any CPU.ActiveCfg = Debug|Any CPU
		{2DE319D5-9B1E-46FF-9306-6EBB1C6D565F}.Debug|Any CPU.Build.0 = Debug|Any CPU
		{2DE319D5-9B1E-46FF-9306-6EBB1C6D565F}.Debug|x64.ActiveCfg = Debug|Any CPU
		{2DE319D5-9B1E-46FF-9306-6EBB1C6D565F}.Debug|x64.Build.0 = Debug|Any CPU
		{2DE319D5-9B1E-46FF-9306-6EBB1C6D565F}.Release|Any CPU.ActiveCfg = Release|Any CPU
		{2DE319D5-9B1E-46FF-9306-6EBB1C6D565F}.Release|Any CPU.Build.0 = Release|Any CPU
		{2DE319D5-9B1E-46FF-9306-6EBB1C6D565F}.Release|x64.ActiveCfg = Release|Any CPU
		{2DE319D5-9B1E-46FF-9306-6EBB1C6D565F}.Release|x64.Build.0 = Release|Any CPU
	EndGlobalSection
	GlobalSection(SolutionProperties) = preSolution
		HideSolutionNode = FALSE
	EndGlobalSection
EndGlobal
